// !$*UTF8*$!
{
	archiveVersion = 1;
	classes = {
	};
	objectVersion = 46;
	objects = {

/* Begin PBXBuildFile section */
		864EA0551C46D6C900E32F9B /* NYTPhotoViewer.h in Headers */ = {isa = PBXBuildFile; fileRef = 864EA0541C46D6C900E32F9B /* NYTPhotoViewer.h */; settings = {ATTRIBUTES = (Public, ); }; };
		864EA05C1C46D6C900E32F9B /* NYTPhotoViewer.framework in Frameworks */ = {isa = PBXBuildFile; fileRef = 864EA0511C46D6C900E32F9B /* NYTPhotoViewer.framework */; };
		864EA06F1C46DFAA00E32F9B /* FLAnimatedImage.framework in Frameworks */ = {isa = PBXBuildFile; fileRef = 864EA06E1C46DFAA00E32F9B /* FLAnimatedImage.framework */; };
		864EA0731C46DFD800E32F9B /* OCMock.framework in Frameworks */ = {isa = PBXBuildFile; fileRef = 864EA0721C46DFD800E32F9B /* OCMock.framework */; };
		864EA08F1C46E2E100E32F9B /* NYTPhotoCaptionView.h in Headers */ = {isa = PBXBuildFile; fileRef = 864EA0751C46E2E100E32F9B /* NYTPhotoCaptionView.h */; };
		864EA0901C46E2E100E32F9B /* NYTPhotoCaptionView.m in Sources */ = {isa = PBXBuildFile; fileRef = 864EA0761C46E2E100E32F9B /* NYTPhotoCaptionView.m */; };
		864EA0911C46E2E100E32F9B /* NYTPhotoDismissalInteractionController.h in Headers */ = {isa = PBXBuildFile; fileRef = 864EA0771C46E2E100E32F9B /* NYTPhotoDismissalInteractionController.h */; };
		864EA0921C46E2E100E32F9B /* NYTPhotoDismissalInteractionController.m in Sources */ = {isa = PBXBuildFile; fileRef = 864EA0781C46E2E100E32F9B /* NYTPhotoDismissalInteractionController.m */; };
		864EA0931C46E2E100E32F9B /* NYTPhotosDataSource.h in Headers */ = {isa = PBXBuildFile; fileRef = 864EA0791C46E2E100E32F9B /* NYTPhotosDataSource.h */; };
		864EA0941C46E2E100E32F9B /* NYTPhotosDataSource.m in Sources */ = {isa = PBXBuildFile; fileRef = 864EA07A1C46E2E100E32F9B /* NYTPhotosDataSource.m */; };
		864EA0951C46E2E100E32F9B /* NYTPhotosOverlayView.h in Headers */ = {isa = PBXBuildFile; fileRef = 864EA07B1C46E2E100E32F9B /* NYTPhotosOverlayView.h */; };
		864EA0961C46E2E100E32F9B /* NYTPhotosOverlayView.m in Sources */ = {isa = PBXBuildFile; fileRef = 864EA07C1C46E2E100E32F9B /* NYTPhotosOverlayView.m */; };
		864EA0971C46E2E100E32F9B /* NYTPhotosViewController.h in Headers */ = {isa = PBXBuildFile; fileRef = 864EA07D1C46E2E100E32F9B /* NYTPhotosViewController.h */; };
		864EA0981C46E2E100E32F9B /* NYTPhotosViewController.m in Sources */ = {isa = PBXBuildFile; fileRef = 864EA07E1C46E2E100E32F9B /* NYTPhotosViewController.m */; };
		864EA0991C46E2E100E32F9B /* NYTPhotoTransitionAnimator.h in Headers */ = {isa = PBXBuildFile; fileRef = 864EA07F1C46E2E100E32F9B /* NYTPhotoTransitionAnimator.h */; };
		864EA09A1C46E2E100E32F9B /* NYTPhotoTransitionAnimator.m in Sources */ = {isa = PBXBuildFile; fileRef = 864EA0801C46E2E100E32F9B /* NYTPhotoTransitionAnimator.m */; };
		864EA09B1C46E2E100E32F9B /* NYTPhotoTransitionController.h in Headers */ = {isa = PBXBuildFile; fileRef = 864EA0811C46E2E100E32F9B /* NYTPhotoTransitionController.h */; };
		864EA09C1C46E2E100E32F9B /* NYTPhotoTransitionController.m in Sources */ = {isa = PBXBuildFile; fileRef = 864EA0821C46E2E100E32F9B /* NYTPhotoTransitionController.m */; };
		864EA09D1C46E2E100E32F9B /* NYTPhotoViewController.h in Headers */ = {isa = PBXBuildFile; fileRef = 864EA0831C46E2E100E32F9B /* NYTPhotoViewController.h */; };
		864EA09E1C46E2E100E32F9B /* NYTPhotoViewController.m in Sources */ = {isa = PBXBuildFile; fileRef = 864EA0841C46E2E100E32F9B /* NYTPhotoViewController.m */; };
		864EA09F1C46E2E100E32F9B /* NYTScalingImageView.h in Headers */ = {isa = PBXBuildFile; fileRef = 864EA0851C46E2E100E32F9B /* NYTScalingImageView.h */; };
		864EA0A01C46E2E100E32F9B /* NYTScalingImageView.m in Sources */ = {isa = PBXBuildFile; fileRef = 864EA0861C46E2E100E32F9B /* NYTScalingImageView.m */; };
		864EA0A11C46E2E100E32F9B /* NYTPhoto.h in Headers */ = {isa = PBXBuildFile; fileRef = 864EA0881C46E2E100E32F9B /* NYTPhoto.h */; };
		864EA0A21C46E2E100E32F9B /* NYTPhotoCaptionViewLayoutWidthHinting.h in Headers */ = {isa = PBXBuildFile; fileRef = 864EA0891C46E2E100E32F9B /* NYTPhotoCaptionViewLayoutWidthHinting.h */; };
		864EA0A31C46E2E100E32F9B /* NYTPhotoContainer.h in Headers */ = {isa = PBXBuildFile; fileRef = 864EA08A1C46E2E100E32F9B /* NYTPhotoContainer.h */; };
		864EA0A41C46E2E100E32F9B /* NYTPhotosViewControllerDataSource.h in Headers */ = {isa = PBXBuildFile; fileRef = 864EA08B1C46E2E100E32F9B /* NYTPhotosViewControllerDataSource.h */; };
		864EA0A51C46E2E100E32F9B /* NSBundle+NYTPhotoViewer.h in Headers */ = {isa = PBXBuildFile; fileRef = 864EA08D1C46E2E100E32F9B /* NSBundle+NYTPhotoViewer.h */; };
		864EA0A61C46E2E100E32F9B /* NSBundle+NYTPhotoViewer.m in Sources */ = {isa = PBXBuildFile; fileRef = 864EA08E1C46E2E100E32F9B /* NSBundle+NYTPhotoViewer.m */; };
		865AF8E21C46E93400614B80 /* NYTPhotoCaptionViewTests.m in Sources */ = {isa = PBXBuildFile; fileRef = 865AF8DB1C46E93400614B80 /* NYTPhotoCaptionViewTests.m */; };
		865AF8E31C46E93400614B80 /* NYTPhotosDataSourceTests.m in Sources */ = {isa = PBXBuildFile; fileRef = 865AF8DC1C46E93400614B80 /* NYTPhotosDataSourceTests.m */; };
		865AF8E41C46E93400614B80 /* NYTPhotosOverlayViewTests.m in Sources */ = {isa = PBXBuildFile; fileRef = 865AF8DD1C46E93400614B80 /* NYTPhotosOverlayViewTests.m */; };
		865AF8E51C46E93400614B80 /* NYTPhotosViewControllerTests.m in Sources */ = {isa = PBXBuildFile; fileRef = 865AF8DE1C46E93400614B80 /* NYTPhotosViewControllerTests.m */; };
		865AF8E61C46E93400614B80 /* NYTPhotoTransitionAnimatorTests.m in Sources */ = {isa = PBXBuildFile; fileRef = 865AF8DF1C46E93400614B80 /* NYTPhotoTransitionAnimatorTests.m */; };
		865AF8E71C46E93400614B80 /* NYTPhotoViewControllerTests.m in Sources */ = {isa = PBXBuildFile; fileRef = 865AF8E01C46E93400614B80 /* NYTPhotoViewControllerTests.m */; };
		865AF8E81C46E93400614B80 /* NYTScalingImageViewTests.m in Sources */ = {isa = PBXBuildFile; fileRef = 865AF8E11C46E93400614B80 /* NYTScalingImageViewTests.m */; };
		865AF8EB1C46EA0E00614B80 /* NYTPhotoViewerTestsPhoto.m in Sources */ = {isa = PBXBuildFile; fileRef = 865AF8EA1C46EA0E00614B80 /* NYTPhotoViewerTestsPhoto.m */; };
		865AF9341C46EF6F00614B80 /* NYTPhotoViewerCloseButtonX.png in Resources */ = {isa = PBXBuildFile; fileRef = 865AF92E1C46EF6F00614B80 /* NYTPhotoViewerCloseButtonX.png */; };
		865AF9351C46EF6F00614B80 /* NYTPhotoViewerCloseButtonX@2x.png in Resources */ = {isa = PBXBuildFile; fileRef = 865AF92F1C46EF6F00614B80 /* NYTPhotoViewerCloseButtonX@2x.png */; };
		865AF9361C46EF6F00614B80 /* NYTPhotoViewerCloseButtonX@3x.png in Resources */ = {isa = PBXBuildFile; fileRef = 865AF9301C46EF6F00614B80 /* NYTPhotoViewerCloseButtonX@3x.png */; };
		865AF9371C46EF6F00614B80 /* NYTPhotoViewerCloseButtonXLandscape.png in Resources */ = {isa = PBXBuildFile; fileRef = 865AF9311C46EF6F00614B80 /* NYTPhotoViewerCloseButtonXLandscape.png */; };
		865AF9381C46EF6F00614B80 /* NYTPhotoViewerCloseButtonXLandscape@2x.png in Resources */ = {isa = PBXBuildFile; fileRef = 865AF9321C46EF6F00614B80 /* NYTPhotoViewerCloseButtonXLandscape@2x.png */; };
		865AF9391C46EF6F00614B80 /* NYTPhotoViewerCloseButtonXLandscape@3x.png in Resources */ = {isa = PBXBuildFile; fileRef = 865AF9331C46EF6F00614B80 /* NYTPhotoViewerCloseButtonXLandscape@3x.png */; };
/* End PBXBuildFile section */

/* Begin PBXContainerItemProxy section */
		864EA05D1C46D6C900E32F9B /* PBXContainerItemProxy */ = {
			isa = PBXContainerItemProxy;
			containerPortal = 864EA0481C46D6C900E32F9B /* Project object */;
			proxyType = 1;
			remoteGlobalIDString = 864EA0501C46D6C900E32F9B;
			remoteInfo = NYTPhotoViewer;
		};
/* End PBXContainerItemProxy section */

/* Begin PBXFileReference section */
		864EA0511C46D6C900E32F9B /* NYTPhotoViewer.framework */ = {isa = PBXFileReference; explicitFileType = wrapper.framework; includeInIndex = 0; path = NYTPhotoViewer.framework; sourceTree = BUILT_PRODUCTS_DIR; };
		864EA0541C46D6C900E32F9B /* NYTPhotoViewer.h */ = {isa = PBXFileReference; lastKnownFileType = sourcecode.c.h; path = NYTPhotoViewer.h; sourceTree = "<group>"; };
		864EA0561C46D6C900E32F9B /* Info.plist */ = {isa = PBXFileReference; lastKnownFileType = text.plist.xml; path = Info.plist; sourceTree = "<group>"; };
		864EA05B1C46D6C900E32F9B /* NYTPhotoViewerTests.xctest */ = {isa = PBXFileReference; explicitFileType = wrapper.cfbundle; includeInIndex = 0; path = NYTPhotoViewerTests.xctest; sourceTree = BUILT_PRODUCTS_DIR; };
		864EA0621C46D6C900E32F9B /* Info.plist */ = {isa = PBXFileReference; lastKnownFileType = text.plist.xml; path = Info.plist; sourceTree = "<group>"; };
		864EA06C1C46DC3A00E32F9B /* Cartfile */ = {isa = PBXFileReference; lastKnownFileType = text; path = Cartfile; sourceTree = "<group>"; };
		864EA06D1C46DC4F00E32F9B /* Cartfile.private */ = {isa = PBXFileReference; lastKnownFileType = text; path = Cartfile.private; sourceTree = "<group>"; };
		864EA06E1C46DFAA00E32F9B /* FLAnimatedImage.framework */ = {isa = PBXFileReference; lastKnownFileType = wrapper.framework; name = FLAnimatedImage.framework; path = "Carthage/Checkouts/FLAnimatedImage/build/Debug-iphoneos/FLAnimatedImage.framework"; sourceTree = "<group>"; };
		864EA0721C46DFD800E32F9B /* OCMock.framework */ = {isa = PBXFileReference; lastKnownFileType = wrapper.framework; name = OCMock.framework; path = "Carthage/Checkouts/ocmock/Source/build/Debug-iphoneos/OCMock.framework"; sourceTree = "<group>"; };
		864EA0751C46E2E100E32F9B /* NYTPhotoCaptionView.h */ = {isa = PBXFileReference; fileEncoding = 4; lastKnownFileType = sourcecode.c.h; path = NYTPhotoCaptionView.h; sourceTree = "<group>"; };
		864EA0761C46E2E100E32F9B /* NYTPhotoCaptionView.m */ = {isa = PBXFileReference; fileEncoding = 4; lastKnownFileType = sourcecode.c.objc; path = NYTPhotoCaptionView.m; sourceTree = "<group>"; };
		864EA0771C46E2E100E32F9B /* NYTPhotoDismissalInteractionController.h */ = {isa = PBXFileReference; fileEncoding = 4; lastKnownFileType = sourcecode.c.h; path = NYTPhotoDismissalInteractionController.h; sourceTree = "<group>"; };
		864EA0781C46E2E100E32F9B /* NYTPhotoDismissalInteractionController.m */ = {isa = PBXFileReference; fileEncoding = 4; lastKnownFileType = sourcecode.c.objc; path = NYTPhotoDismissalInteractionController.m; sourceTree = "<group>"; };
		864EA0791C46E2E100E32F9B /* NYTPhotosDataSource.h */ = {isa = PBXFileReference; fileEncoding = 4; lastKnownFileType = sourcecode.c.h; path = NYTPhotosDataSource.h; sourceTree = "<group>"; };
		864EA07A1C46E2E100E32F9B /* NYTPhotosDataSource.m */ = {isa = PBXFileReference; fileEncoding = 4; lastKnownFileType = sourcecode.c.objc; path = NYTPhotosDataSource.m; sourceTree = "<group>"; };
		864EA07B1C46E2E100E32F9B /* NYTPhotosOverlayView.h */ = {isa = PBXFileReference; fileEncoding = 4; lastKnownFileType = sourcecode.c.h; path = NYTPhotosOverlayView.h; sourceTree = "<group>"; };
		864EA07C1C46E2E100E32F9B /* NYTPhotosOverlayView.m */ = {isa = PBXFileReference; fileEncoding = 4; lastKnownFileType = sourcecode.c.objc; path = NYTPhotosOverlayView.m; sourceTree = "<group>"; };
		864EA07D1C46E2E100E32F9B /* NYTPhotosViewController.h */ = {isa = PBXFileReference; fileEncoding = 4; lastKnownFileType = sourcecode.c.h; path = NYTPhotosViewController.h; sourceTree = "<group>"; };
		864EA07E1C46E2E100E32F9B /* NYTPhotosViewController.m */ = {isa = PBXFileReference; fileEncoding = 4; lastKnownFileType = sourcecode.c.objc; path = NYTPhotosViewController.m; sourceTree = "<group>"; };
		864EA07F1C46E2E100E32F9B /* NYTPhotoTransitionAnimator.h */ = {isa = PBXFileReference; fileEncoding = 4; lastKnownFileType = sourcecode.c.h; path = NYTPhotoTransitionAnimator.h; sourceTree = "<group>"; };
		864EA0801C46E2E100E32F9B /* NYTPhotoTransitionAnimator.m */ = {isa = PBXFileReference; fileEncoding = 4; lastKnownFileType = sourcecode.c.objc; path = NYTPhotoTransitionAnimator.m; sourceTree = "<group>"; };
		864EA0811C46E2E100E32F9B /* NYTPhotoTransitionController.h */ = {isa = PBXFileReference; fileEncoding = 4; lastKnownFileType = sourcecode.c.h; path = NYTPhotoTransitionController.h; sourceTree = "<group>"; };
		864EA0821C46E2E100E32F9B /* NYTPhotoTransitionController.m */ = {isa = PBXFileReference; fileEncoding = 4; lastKnownFileType = sourcecode.c.objc; path = NYTPhotoTransitionController.m; sourceTree = "<group>"; };
		864EA0831C46E2E100E32F9B /* NYTPhotoViewController.h */ = {isa = PBXFileReference; fileEncoding = 4; lastKnownFileType = sourcecode.c.h; path = NYTPhotoViewController.h; sourceTree = "<group>"; };
		864EA0841C46E2E100E32F9B /* NYTPhotoViewController.m */ = {isa = PBXFileReference; fileEncoding = 4; lastKnownFileType = sourcecode.c.objc; path = NYTPhotoViewController.m; sourceTree = "<group>"; };
		864EA0851C46E2E100E32F9B /* NYTScalingImageView.h */ = {isa = PBXFileReference; fileEncoding = 4; lastKnownFileType = sourcecode.c.h; path = NYTScalingImageView.h; sourceTree = "<group>"; };
		864EA0861C46E2E100E32F9B /* NYTScalingImageView.m */ = {isa = PBXFileReference; fileEncoding = 4; lastKnownFileType = sourcecode.c.objc; path = NYTScalingImageView.m; sourceTree = "<group>"; };
		864EA0881C46E2E100E32F9B /* NYTPhoto.h */ = {isa = PBXFileReference; fileEncoding = 4; lastKnownFileType = sourcecode.c.h; path = NYTPhoto.h; sourceTree = "<group>"; };
		864EA0891C46E2E100E32F9B /* NYTPhotoCaptionViewLayoutWidthHinting.h */ = {isa = PBXFileReference; fileEncoding = 4; lastKnownFileType = sourcecode.c.h; path = NYTPhotoCaptionViewLayoutWidthHinting.h; sourceTree = "<group>"; };
		864EA08A1C46E2E100E32F9B /* NYTPhotoContainer.h */ = {isa = PBXFileReference; fileEncoding = 4; lastKnownFileType = sourcecode.c.h; path = NYTPhotoContainer.h; sourceTree = "<group>"; };
		864EA08B1C46E2E100E32F9B /* NYTPhotosViewControllerDataSource.h */ = {isa = PBXFileReference; fileEncoding = 4; lastKnownFileType = sourcecode.c.h; path = NYTPhotosViewControllerDataSource.h; sourceTree = "<group>"; };
		864EA08D1C46E2E100E32F9B /* NSBundle+NYTPhotoViewer.h */ = {isa = PBXFileReference; fileEncoding = 4; lastKnownFileType = sourcecode.c.h; path = "NSBundle+NYTPhotoViewer.h"; sourceTree = "<group>"; };
		864EA08E1C46E2E100E32F9B /* NSBundle+NYTPhotoViewer.m */ = {isa = PBXFileReference; fileEncoding = 4; lastKnownFileType = sourcecode.c.objc; path = "NSBundle+NYTPhotoViewer.m"; sourceTree = "<group>"; };
		865AF8D91C46E7B500614B80 /* LICENSE.md */ = {isa = PBXFileReference; lastKnownFileType = net.daringfireball.markdown; path = LICENSE.md; sourceTree = "<group>"; };
		865AF8DA1C46E7B500614B80 /* NYTPhotoViewer.podspec */ = {isa = PBXFileReference; lastKnownFileType = text; path = NYTPhotoViewer.podspec; sourceTree = "<group>"; };
		865AF8DB1C46E93400614B80 /* NYTPhotoCaptionViewTests.m */ = {isa = PBXFileReference; fileEncoding = 4; lastKnownFileType = sourcecode.c.objc; path = NYTPhotoCaptionViewTests.m; sourceTree = "<group>"; };
		865AF8DC1C46E93400614B80 /* NYTPhotosDataSourceTests.m */ = {isa = PBXFileReference; fileEncoding = 4; lastKnownFileType = sourcecode.c.objc; path = NYTPhotosDataSourceTests.m; sourceTree = "<group>"; };
		865AF8DD1C46E93400614B80 /* NYTPhotosOverlayViewTests.m */ = {isa = PBXFileReference; fileEncoding = 4; lastKnownFileType = sourcecode.c.objc; path = NYTPhotosOverlayViewTests.m; sourceTree = "<group>"; };
		865AF8DE1C46E93400614B80 /* NYTPhotosViewControllerTests.m */ = {isa = PBXFileReference; fileEncoding = 4; lastKnownFileType = sourcecode.c.objc; path = NYTPhotosViewControllerTests.m; sourceTree = "<group>"; };
		865AF8DF1C46E93400614B80 /* NYTPhotoTransitionAnimatorTests.m */ = {isa = PBXFileReference; fileEncoding = 4; lastKnownFileType = sourcecode.c.objc; path = NYTPhotoTransitionAnimatorTests.m; sourceTree = "<group>"; };
		865AF8E01C46E93400614B80 /* NYTPhotoViewControllerTests.m */ = {isa = PBXFileReference; fileEncoding = 4; lastKnownFileType = sourcecode.c.objc; path = NYTPhotoViewControllerTests.m; sourceTree = "<group>"; };
		865AF8E11C46E93400614B80 /* NYTScalingImageViewTests.m */ = {isa = PBXFileReference; fileEncoding = 4; lastKnownFileType = sourcecode.c.objc; path = NYTScalingImageViewTests.m; sourceTree = "<group>"; };
		865AF8E91C46EA0E00614B80 /* NYTPhotoViewerTestsPhoto.h */ = {isa = PBXFileReference; fileEncoding = 4; lastKnownFileType = sourcecode.c.h; path = NYTPhotoViewerTestsPhoto.h; sourceTree = "<group>"; };
		865AF8EA1C46EA0E00614B80 /* NYTPhotoViewerTestsPhoto.m */ = {isa = PBXFileReference; fileEncoding = 4; lastKnownFileType = sourcecode.c.objc; path = NYTPhotoViewerTestsPhoto.m; sourceTree = "<group>"; };
		865AF92E1C46EF6F00614B80 /* NYTPhotoViewerCloseButtonX.png */ = {isa = PBXFileReference; lastKnownFileType = image.png; path = NYTPhotoViewerCloseButtonX.png; sourceTree = "<group>"; };
		865AF92F1C46EF6F00614B80 /* NYTPhotoViewerCloseButtonX@2x.png */ = {isa = PBXFileReference; lastKnownFileType = image.png; path = "NYTPhotoViewerCloseButtonX@2x.png"; sourceTree = "<group>"; };
		865AF9301C46EF6F00614B80 /* NYTPhotoViewerCloseButtonX@3x.png */ = {isa = PBXFileReference; lastKnownFileType = image.png; path = "NYTPhotoViewerCloseButtonX@3x.png"; sourceTree = "<group>"; };
		865AF9311C46EF6F00614B80 /* NYTPhotoViewerCloseButtonXLandscape.png */ = {isa = PBXFileReference; lastKnownFileType = image.png; path = NYTPhotoViewerCloseButtonXLandscape.png; sourceTree = "<group>"; };
		865AF9321C46EF6F00614B80 /* NYTPhotoViewerCloseButtonXLandscape@2x.png */ = {isa = PBXFileReference; lastKnownFileType = image.png; path = "NYTPhotoViewerCloseButtonXLandscape@2x.png"; sourceTree = "<group>"; };
		865AF9331C46EF6F00614B80 /* NYTPhotoViewerCloseButtonXLandscape@3x.png */ = {isa = PBXFileReference; lastKnownFileType = image.png; path = "NYTPhotoViewerCloseButtonXLandscape@3x.png"; sourceTree = "<group>"; };
/* End PBXFileReference section */

/* Begin PBXFrameworksBuildPhase section */
		864EA04D1C46D6C900E32F9B /* Frameworks */ = {
			isa = PBXFrameworksBuildPhase;
			buildActionMask = 2147483647;
			files = (
				864EA06F1C46DFAA00E32F9B /* FLAnimatedImage.framework in Frameworks */,
			);
			runOnlyForDeploymentPostprocessing = 0;
		};
		864EA0581C46D6C900E32F9B /* Frameworks */ = {
			isa = PBXFrameworksBuildPhase;
			buildActionMask = 2147483647;
			files = (
				864EA0731C46DFD800E32F9B /* OCMock.framework in Frameworks */,
				864EA05C1C46D6C900E32F9B /* NYTPhotoViewer.framework in Frameworks */,
			);
			runOnlyForDeploymentPostprocessing = 0;
		};
/* End PBXFrameworksBuildPhase section */

/* Begin PBXGroup section */
		864EA0471C46D6C900E32F9B = {
			isa = PBXGroup;
			children = (
				865AF8D81C46E78500614B80 /* Podspec Metadata */,
				864EA06B1C46DB9A00E32F9B /* Carthage */,
				864EA0531C46D6C900E32F9B /* NYTPhotoViewer */,
				864EA05F1C46D6C900E32F9B /* NYTPhotoViewerTests */,
				864EA0741C46DFF100E32F9B /* Frameworks */,
				864EA0521C46D6C900E32F9B /* Products */,
			);
			sourceTree = "<group>";
		};
		864EA0521C46D6C900E32F9B /* Products */ = {
			isa = PBXGroup;
			children = (
				864EA0511C46D6C900E32F9B /* NYTPhotoViewer.framework */,
				864EA05B1C46D6C900E32F9B /* NYTPhotoViewerTests.xctest */,
			);
			name = Products;
			sourceTree = "<group>";
		};
		864EA0531C46D6C900E32F9B /* NYTPhotoViewer */ = {
			isa = PBXGroup;
			children = (
				864EA0541C46D6C900E32F9B /* NYTPhotoViewer.h */,
				864EA0751C46E2E100E32F9B /* NYTPhotoCaptionView.h */,
				864EA0761C46E2E100E32F9B /* NYTPhotoCaptionView.m */,
				864EA0771C46E2E100E32F9B /* NYTPhotoDismissalInteractionController.h */,
				864EA0781C46E2E100E32F9B /* NYTPhotoDismissalInteractionController.m */,
				864EA0791C46E2E100E32F9B /* NYTPhotosDataSource.h */,
				864EA07A1C46E2E100E32F9B /* NYTPhotosDataSource.m */,
				864EA07B1C46E2E100E32F9B /* NYTPhotosOverlayView.h */,
				864EA07C1C46E2E100E32F9B /* NYTPhotosOverlayView.m */,
				864EA07D1C46E2E100E32F9B /* NYTPhotosViewController.h */,
				864EA07E1C46E2E100E32F9B /* NYTPhotosViewController.m */,
				864EA07F1C46E2E100E32F9B /* NYTPhotoTransitionAnimator.h */,
				864EA0801C46E2E100E32F9B /* NYTPhotoTransitionAnimator.m */,
				864EA0811C46E2E100E32F9B /* NYTPhotoTransitionController.h */,
				864EA0821C46E2E100E32F9B /* NYTPhotoTransitionController.m */,
				864EA0831C46E2E100E32F9B /* NYTPhotoViewController.h */,
				864EA0841C46E2E100E32F9B /* NYTPhotoViewController.m */,
				864EA0851C46E2E100E32F9B /* NYTScalingImageView.h */,
				864EA0861C46E2E100E32F9B /* NYTScalingImageView.m */,
				864EA0871C46E2E100E32F9B /* Protocols */,
				864EA08C1C46E2E100E32F9B /* Resource Loading */,
				865AF92D1C46EF6F00614B80 /* Resources */,
				864EA0561C46D6C900E32F9B /* Info.plist */,
			);
			path = NYTPhotoViewer;
			sourceTree = "<group>";
		};
		864EA05F1C46D6C900E32F9B /* NYTPhotoViewerTests */ = {
			isa = PBXGroup;
			children = (
				865AF8E91C46EA0E00614B80 /* NYTPhotoViewerTestsPhoto.h */,
				865AF8EA1C46EA0E00614B80 /* NYTPhotoViewerTestsPhoto.m */,
				865AF8DB1C46E93400614B80 /* NYTPhotoCaptionViewTests.m */,
				865AF8DC1C46E93400614B80 /* NYTPhotosDataSourceTests.m */,
				865AF8DD1C46E93400614B80 /* NYTPhotosOverlayViewTests.m */,
				865AF8DE1C46E93400614B80 /* NYTPhotosViewControllerTests.m */,
				865AF8DF1C46E93400614B80 /* NYTPhotoTransitionAnimatorTests.m */,
				865AF8E01C46E93400614B80 /* NYTPhotoViewControllerTests.m */,
				865AF8E11C46E93400614B80 /* NYTScalingImageViewTests.m */,
				864EA0621C46D6C900E32F9B /* Info.plist */,
			);
			path = NYTPhotoViewerTests;
			sourceTree = "<group>";
		};
		864EA06B1C46DB9A00E32F9B /* Carthage */ = {
			isa = PBXGroup;
			children = (
				864EA06C1C46DC3A00E32F9B /* Cartfile */,
				864EA06D1C46DC4F00E32F9B /* Cartfile.private */,
			);
			name = Carthage;
			sourceTree = "<group>";
		};
		864EA0741C46DFF100E32F9B /* Frameworks */ = {
			isa = PBXGroup;
			children = (
				864EA0721C46DFD800E32F9B /* OCMock.framework */,
				864EA06E1C46DFAA00E32F9B /* FLAnimatedImage.framework */,
			);
			name = Frameworks;
			sourceTree = "<group>";
		};
		864EA0871C46E2E100E32F9B /* Protocols */ = {
			isa = PBXGroup;
			children = (
				864EA0881C46E2E100E32F9B /* NYTPhoto.h */,
				864EA0891C46E2E100E32F9B /* NYTPhotoCaptionViewLayoutWidthHinting.h */,
				864EA08A1C46E2E100E32F9B /* NYTPhotoContainer.h */,
				864EA08B1C46E2E100E32F9B /* NYTPhotosViewControllerDataSource.h */,
			);
			path = Protocols;
			sourceTree = "<group>";
		};
		864EA08C1C46E2E100E32F9B /* Resource Loading */ = {
			isa = PBXGroup;
			children = (
				864EA08D1C46E2E100E32F9B /* NSBundle+NYTPhotoViewer.h */,
				864EA08E1C46E2E100E32F9B /* NSBundle+NYTPhotoViewer.m */,
			);
			path = "Resource Loading";
			sourceTree = "<group>";
		};
		865AF8D81C46E78500614B80 /* Podspec Metadata */ = {
			isa = PBXGroup;
			children = (
				865AF8DA1C46E7B500614B80 /* NYTPhotoViewer.podspec */,
				865AF8D91C46E7B500614B80 /* LICENSE.md */,
			);
			name = "Podspec Metadata";
			sourceTree = "<group>";
		};
		865AF92D1C46EF6F00614B80 /* Resources */ = {
			isa = PBXGroup;
			children = (
				865AF92E1C46EF6F00614B80 /* NYTPhotoViewerCloseButtonX.png */,
				865AF92F1C46EF6F00614B80 /* NYTPhotoViewerCloseButtonX@2x.png */,
				865AF9301C46EF6F00614B80 /* NYTPhotoViewerCloseButtonX@3x.png */,
				865AF9311C46EF6F00614B80 /* NYTPhotoViewerCloseButtonXLandscape.png */,
				865AF9321C46EF6F00614B80 /* NYTPhotoViewerCloseButtonXLandscape@2x.png */,
				865AF9331C46EF6F00614B80 /* NYTPhotoViewerCloseButtonXLandscape@3x.png */,
			);
			path = Resources;
			sourceTree = "<group>";
		};
/* End PBXGroup section */

/* Begin PBXHeadersBuildPhase section */
		864EA04E1C46D6C900E32F9B /* Headers */ = {
			isa = PBXHeadersBuildPhase;
			buildActionMask = 2147483647;
			files = (
				864EA09B1C46E2E100E32F9B /* NYTPhotoTransitionController.h in Headers */,
				864EA0A31C46E2E100E32F9B /* NYTPhotoContainer.h in Headers */,
				864EA09F1C46E2E100E32F9B /* NYTScalingImageView.h in Headers */,
				864EA0951C46E2E100E32F9B /* NYTPhotosOverlayView.h in Headers */,
				864EA0911C46E2E100E32F9B /* NYTPhotoDismissalInteractionController.h in Headers */,
				864EA0A41C46E2E100E32F9B /* NYTPhotosViewControllerDataSource.h in Headers */,
				864EA0551C46D6C900E32F9B /* NYTPhotoViewer.h in Headers */,
				864EA0931C46E2E100E32F9B /* NYTPhotosDataSource.h in Headers */,
				864EA0A21C46E2E100E32F9B /* NYTPhotoCaptionViewLayoutWidthHinting.h in Headers */,
				864EA0971C46E2E100E32F9B /* NYTPhotosViewController.h in Headers */,
				864EA0A11C46E2E100E32F9B /* NYTPhoto.h in Headers */,
				864EA0A51C46E2E100E32F9B /* NSBundle+NYTPhotoViewer.h in Headers */,
				864EA0991C46E2E100E32F9B /* NYTPhotoTransitionAnimator.h in Headers */,
				864EA09D1C46E2E100E32F9B /* NYTPhotoViewController.h in Headers */,
				864EA08F1C46E2E100E32F9B /* NYTPhotoCaptionView.h in Headers */,
			);
			runOnlyForDeploymentPostprocessing = 0;
		};
/* End PBXHeadersBuildPhase section */

/* Begin PBXNativeTarget section */
		864EA0501C46D6C900E32F9B /* NYTPhotoViewer */ = {
			isa = PBXNativeTarget;
			buildConfigurationList = 864EA0651C46D6C900E32F9B /* Build configuration list for PBXNativeTarget "NYTPhotoViewer" */;
			buildPhases = (
				864EA04C1C46D6C900E32F9B /* Sources */,
				864EA04D1C46D6C900E32F9B /* Frameworks */,
				864EA04E1C46D6C900E32F9B /* Headers */,
				864EA04F1C46D6C900E32F9B /* Resources */,
			);
			buildRules = (
			);
			dependencies = (
			);
			name = NYTPhotoViewer;
			productName = NYTPhotoViewer;
			productReference = 864EA0511C46D6C900E32F9B /* NYTPhotoViewer.framework */;
			productType = "com.apple.product-type.framework";
		};
		864EA05A1C46D6C900E32F9B /* NYTPhotoViewerTests */ = {
			isa = PBXNativeTarget;
			buildConfigurationList = 864EA0681C46D6C900E32F9B /* Build configuration list for PBXNativeTarget "NYTPhotoViewerTests" */;
			buildPhases = (
				864EA0571C46D6C900E32F9B /* Sources */,
				864EA0581C46D6C900E32F9B /* Frameworks */,
				864EA0591C46D6C900E32F9B /* Resources */,
			);
			buildRules = (
			);
			dependencies = (
				864EA05E1C46D6C900E32F9B /* PBXTargetDependency */,
			);
			name = NYTPhotoViewerTests;
			productName = NYTPhotoViewerTests;
			productReference = 864EA05B1C46D6C900E32F9B /* NYTPhotoViewerTests.xctest */;
			productType = "com.apple.product-type.bundle.unit-test";
		};
/* End PBXNativeTarget section */

/* Begin PBXProject section */
		864EA0481C46D6C900E32F9B /* Project object */ = {
			isa = PBXProject;
			attributes = {
				LastUpgradeCheck = 0720;
				ORGANIZATIONNAME = "The New York Times Company";
				TargetAttributes = {
					864EA0501C46D6C900E32F9B = {
						CreatedOnToolsVersion = 7.2;
					};
					864EA05A1C46D6C900E32F9B = {
						CreatedOnToolsVersion = 7.2;
					};
				};
			};
			buildConfigurationList = 864EA04B1C46D6C900E32F9B /* Build configuration list for PBXProject "NYTPhotoViewer" */;
			compatibilityVersion = "Xcode 3.2";
			developmentRegion = English;
			hasScannedForEncodings = 0;
			knownRegions = (
				en,
			);
			mainGroup = 864EA0471C46D6C900E32F9B;
			productRefGroup = 864EA0521C46D6C900E32F9B /* Products */;
			projectDirPath = "";
			projectRoot = "";
			targets = (
				864EA0501C46D6C900E32F9B /* NYTPhotoViewer */,
				864EA05A1C46D6C900E32F9B /* NYTPhotoViewerTests */,
			);
		};
/* End PBXProject section */

/* Begin PBXResourcesBuildPhase section */
		864EA04F1C46D6C900E32F9B /* Resources */ = {
			isa = PBXResourcesBuildPhase;
			buildActionMask = 2147483647;
			files = (
				865AF9381C46EF6F00614B80 /* NYTPhotoViewerCloseButtonXLandscape@2x.png in Resources */,
				865AF9341C46EF6F00614B80 /* NYTPhotoViewerCloseButtonX.png in Resources */,
				865AF9391C46EF6F00614B80 /* NYTPhotoViewerCloseButtonXLandscape@3x.png in Resources */,
				865AF9351C46EF6F00614B80 /* NYTPhotoViewerCloseButtonX@2x.png in Resources */,
				865AF9371C46EF6F00614B80 /* NYTPhotoViewerCloseButtonXLandscape.png in Resources */,
				865AF9361C46EF6F00614B80 /* NYTPhotoViewerCloseButtonX@3x.png in Resources */,
			);
			runOnlyForDeploymentPostprocessing = 0;
		};
		864EA0591C46D6C900E32F9B /* Resources */ = {
			isa = PBXResourcesBuildPhase;
			buildActionMask = 2147483647;
			files = (
			);
			runOnlyForDeploymentPostprocessing = 0;
		};
/* End PBXResourcesBuildPhase section */

/* Begin PBXSourcesBuildPhase section */
		864EA04C1C46D6C900E32F9B /* Sources */ = {
			isa = PBXSourcesBuildPhase;
			buildActionMask = 2147483647;
			files = (
				864EA09C1C46E2E100E32F9B /* NYTPhotoTransitionController.m in Sources */,
				864EA0A61C46E2E100E32F9B /* NSBundle+NYTPhotoViewer.m in Sources */,
				864EA0981C46E2E100E32F9B /* NYTPhotosViewController.m in Sources */,
				864EA0901C46E2E100E32F9B /* NYTPhotoCaptionView.m in Sources */,
				864EA0A01C46E2E100E32F9B /* NYTScalingImageView.m in Sources */,
				864EA0941C46E2E100E32F9B /* NYTPhotosDataSource.m in Sources */,
				864EA0961C46E2E100E32F9B /* NYTPhotosOverlayView.m in Sources */,
				864EA09A1C46E2E100E32F9B /* NYTPhotoTransitionAnimator.m in Sources */,
				864EA0921C46E2E100E32F9B /* NYTPhotoDismissalInteractionController.m in Sources */,
				864EA09E1C46E2E100E32F9B /* NYTPhotoViewController.m in Sources */,
			);
			runOnlyForDeploymentPostprocessing = 0;
		};
		864EA0571C46D6C900E32F9B /* Sources */ = {
			isa = PBXSourcesBuildPhase;
			buildActionMask = 2147483647;
			files = (
				865AF8E21C46E93400614B80 /* NYTPhotoCaptionViewTests.m in Sources */,
				865AF8E41C46E93400614B80 /* NYTPhotosOverlayViewTests.m in Sources */,
				865AF8E31C46E93400614B80 /* NYTPhotosDataSourceTests.m in Sources */,
				865AF8E61C46E93400614B80 /* NYTPhotoTransitionAnimatorTests.m in Sources */,
				865AF8E51C46E93400614B80 /* NYTPhotosViewControllerTests.m in Sources */,
				865AF8EB1C46EA0E00614B80 /* NYTPhotoViewerTestsPhoto.m in Sources */,
				865AF8E81C46E93400614B80 /* NYTScalingImageViewTests.m in Sources */,
				865AF8E71C46E93400614B80 /* NYTPhotoViewControllerTests.m in Sources */,
			);
			runOnlyForDeploymentPostprocessing = 0;
		};
/* End PBXSourcesBuildPhase section */

/* Begin PBXTargetDependency section */
		864EA05E1C46D6C900E32F9B /* PBXTargetDependency */ = {
			isa = PBXTargetDependency;
			target = 864EA0501C46D6C900E32F9B /* NYTPhotoViewer */;
			targetProxy = 864EA05D1C46D6C900E32F9B /* PBXContainerItemProxy */;
		};
/* End PBXTargetDependency section */

/* Begin XCBuildConfiguration section */
		864EA0631C46D6C900E32F9B /* Debug */ = {
			isa = XCBuildConfiguration;
			buildSettings = {
				ALWAYS_SEARCH_USER_PATHS = NO;
				CLANG_CXX_LANGUAGE_STANDARD = "gnu++0x";
				CLANG_CXX_LIBRARY = "libc++";
				CLANG_ENABLE_MODULES = YES;
				CLANG_ENABLE_OBJC_ARC = YES;
				CLANG_WARN_BOOL_CONVERSION = YES;
				CLANG_WARN_CONSTANT_CONVERSION = YES;
				CLANG_WARN_DIRECT_OBJC_ISA_USAGE = YES_ERROR;
				CLANG_WARN_EMPTY_BODY = YES;
				CLANG_WARN_ENUM_CONVERSION = YES;
				CLANG_WARN_INT_CONVERSION = YES;
				CLANG_WARN_OBJC_ROOT_CLASS = YES_ERROR;
				CLANG_WARN_UNREACHABLE_CODE = YES;
				CLANG_WARN__DUPLICATE_METHOD_MATCH = YES;
				"CODE_SIGN_IDENTITY[sdk=iphoneos*]" = "iPhone Developer";
				COPY_PHASE_STRIP = NO;
				CURRENT_PROJECT_VERSION = 1;
				DEBUG_INFORMATION_FORMAT = dwarf;
				ENABLE_STRICT_OBJC_MSGSEND = YES;
				ENABLE_TESTABILITY = YES;
				GCC_C_LANGUAGE_STANDARD = gnu99;
				GCC_DYNAMIC_NO_PIC = NO;
				GCC_NO_COMMON_BLOCKS = YES;
				GCC_OPTIMIZATION_LEVEL = 0;
				GCC_PREPROCESSOR_DEFINITIONS = (
					"DEBUG=1",
					"$(inherited)",
					"ANIMATED_GIF_SUPPORT=1",
				);
				GCC_WARN_64_TO_32_BIT_CONVERSION = YES;
				GCC_WARN_ABOUT_RETURN_TYPE = YES_ERROR;
				GCC_WARN_UNDECLARED_SELECTOR = YES;
				GCC_WARN_UNINITIALIZED_AUTOS = YES_AGGRESSIVE;
				GCC_WARN_UNUSED_FUNCTION = YES;
				GCC_WARN_UNUSED_VARIABLE = YES;
				IPHONEOS_DEPLOYMENT_TARGET = 8.0;
				MTL_ENABLE_DEBUG_INFO = YES;
				ONLY_ACTIVE_ARCH = YES;
				SDKROOT = iphoneos;
				TARGETED_DEVICE_FAMILY = "1,2";
				VERSIONING_SYSTEM = "apple-generic";
				VERSION_INFO_PREFIX = "";
			};
			name = Debug;
		};
		864EA0641C46D6C900E32F9B /* Release */ = {
			isa = XCBuildConfiguration;
			buildSettings = {
				ALWAYS_SEARCH_USER_PATHS = NO;
				CLANG_CXX_LANGUAGE_STANDARD = "gnu++0x";
				CLANG_CXX_LIBRARY = "libc++";
				CLANG_ENABLE_MODULES = YES;
				CLANG_ENABLE_OBJC_ARC = YES;
				CLANG_WARN_BOOL_CONVERSION = YES;
				CLANG_WARN_CONSTANT_CONVERSION = YES;
				CLANG_WARN_DIRECT_OBJC_ISA_USAGE = YES_ERROR;
				CLANG_WARN_EMPTY_BODY = YES;
				CLANG_WARN_ENUM_CONVERSION = YES;
				CLANG_WARN_INT_CONVERSION = YES;
				CLANG_WARN_OBJC_ROOT_CLASS = YES_ERROR;
				CLANG_WARN_UNREACHABLE_CODE = YES;
				CLANG_WARN__DUPLICATE_METHOD_MATCH = YES;
				"CODE_SIGN_IDENTITY[sdk=iphoneos*]" = "iPhone Developer";
				COPY_PHASE_STRIP = NO;
				CURRENT_PROJECT_VERSION = 1;
				DEBUG_INFORMATION_FORMAT = "dwarf-with-dsym";
				ENABLE_NS_ASSERTIONS = NO;
				ENABLE_STRICT_OBJC_MSGSEND = YES;
				GCC_C_LANGUAGE_STANDARD = gnu99;
				GCC_NO_COMMON_BLOCKS = YES;
				GCC_PREPROCESSOR_DEFINITIONS = "ANIMATED_GIF_SUPPORT=1";
				GCC_WARN_64_TO_32_BIT_CONVERSION = YES;
				GCC_WARN_ABOUT_RETURN_TYPE = YES_ERROR;
				GCC_WARN_UNDECLARED_SELECTOR = YES;
				GCC_WARN_UNINITIALIZED_AUTOS = YES_AGGRESSIVE;
				GCC_WARN_UNUSED_FUNCTION = YES;
				GCC_WARN_UNUSED_VARIABLE = YES;
				IPHONEOS_DEPLOYMENT_TARGET = 8.0;
				MTL_ENABLE_DEBUG_INFO = NO;
				SDKROOT = iphoneos;
				TARGETED_DEVICE_FAMILY = "1,2";
				VALIDATE_PRODUCT = YES;
				VERSIONING_SYSTEM = "apple-generic";
				VERSION_INFO_PREFIX = "";
			};
			name = Release;
		};
		864EA0661C46D6C900E32F9B /* Debug */ = {
			isa = XCBuildConfiguration;
			buildSettings = {
				DEFINES_MODULE = YES;
				DYLIB_COMPATIBILITY_VERSION = 1;
				DYLIB_CURRENT_VERSION = 1;
				DYLIB_INSTALL_NAME_BASE = "@rpath";
				FRAMEWORK_SEARCH_PATHS = (
					"$(inherited)",
					"$(PROJECT_DIR)/Carthage/Checkouts/FLAnimatedImage/build/Debug-iphoneos",
				);
				INFOPLIST_FILE = NYTPhotoViewer/Info.plist;
				INSTALL_PATH = "$(LOCAL_LIBRARY_DIR)/Frameworks";
				LD_RUNPATH_SEARCH_PATHS = "$(inherited) @executable_path/Frameworks @loader_path/Frameworks";
				PRODUCT_BUNDLE_IDENTIFIER = com.nytimes.NYTPhotoViewer;
				PRODUCT_NAME = "$(TARGET_NAME)";
				SKIP_INSTALL = YES;
			};
			name = Debug;
		};
		864EA0671C46D6C900E32F9B /* Release */ = {
			isa = XCBuildConfiguration;
			buildSettings = {
				DEFINES_MODULE = YES;
				DYLIB_COMPATIBILITY_VERSION = 1;
				DYLIB_CURRENT_VERSION = 1;
				DYLIB_INSTALL_NAME_BASE = "@rpath";
				FRAMEWORK_SEARCH_PATHS = (
					"$(inherited)",
					"$(PROJECT_DIR)/Carthage/Checkouts/FLAnimatedImage/build/Debug-iphoneos",
				);
				INFOPLIST_FILE = NYTPhotoViewer/Info.plist;
				INSTALL_PATH = "$(LOCAL_LIBRARY_DIR)/Frameworks";
				LD_RUNPATH_SEARCH_PATHS = "$(inherited) @executable_path/Frameworks @loader_path/Frameworks";
				PRODUCT_BUNDLE_IDENTIFIER = com.nytimes.NYTPhotoViewer;
				PRODUCT_NAME = "$(TARGET_NAME)";
				SKIP_INSTALL = YES;
			};
			name = Release;
		};
		864EA0691C46D6C900E32F9B /* Debug */ = {
			isa = XCBuildConfiguration;
			buildSettings = {
				FRAMEWORK_SEARCH_PATHS = (
					"$(inherited)",
					"$(PROJECT_DIR)/Carthage/Checkouts/ocmock/Source/build/Debug-iphoneos",
				);
				INFOPLIST_FILE = NYTPhotoViewerTests/Info.plist;
				LD_RUNPATH_SEARCH_PATHS = "$(inherited) @executable_path/Frameworks @loader_path/Frameworks";
				LIBRARY_SEARCH_PATHS = (
					"$(inherited)",
					"$(PROJECT_DIR)/Carthage/Checkouts/ocmock/Source/build/Debug-iphoneos",
				);
				PRODUCT_BUNDLE_IDENTIFIER = com.nytimes.NYTPhotoViewerTests;
				PRODUCT_NAME = "$(TARGET_NAME)";
			};
			name = Debug;
		};
		864EA06A1C46D6C900E32F9B /* Release */ = {
			isa = XCBuildConfiguration;
			buildSettings = {
				FRAMEWORK_SEARCH_PATHS = (
					"$(inherited)",
					"$(PROJECT_DIR)/Carthage/Checkouts/ocmock/Source/build/Debug-iphoneos",
				);
				INFOPLIST_FILE = NYTPhotoViewerTests/Info.plist;
				LD_RUNPATH_SEARCH_PATHS = "$(inherited) @executable_path/Frameworks @loader_path/Frameworks";
				LIBRARY_SEARCH_PATHS = (
					"$(inherited)",
					"$(PROJECT_DIR)/Carthage/Checkouts/ocmock/Source/build/Debug-iphoneos",
				);
				PRODUCT_BUNDLE_IDENTIFIER = com.nytimes.NYTPhotoViewerTests;
				PRODUCT_NAME = "$(TARGET_NAME)";
			};
			name = Release;
		};
/* End XCBuildConfiguration section */

/* Begin XCConfigurationList section */
		864EA04B1C46D6C900E32F9B /* Build configuration list for PBXProject "NYTPhotoViewer" */ = {
			isa = XCConfigurationList;
			buildConfigurations = (
				864EA0631C46D6C900E32F9B /* Debug */,
				864EA0641C46D6C900E32F9B /* Release */,
			);
			defaultConfigurationIsVisible = 0;
			defaultConfigurationName = Release;
		};
		864EA0651C46D6C900E32F9B /* Build configuration list for PBXNativeTarget "NYTPhotoViewer" */ = {
			isa = XCConfigurationList;
			buildConfigurations = (
				864EA0661C46D6C900E32F9B /* Debug */,
				864EA0671C46D6C900E32F9B /* Release */,
			);
			defaultConfigurationIsVisible = 0;
			defaultConfigurationName = Release;
		};
		864EA0681C46D6C900E32F9B /* Build configuration list for PBXNativeTarget "NYTPhotoViewerTests" */ = {
			isa = XCConfigurationList;
			buildConfigurations = (
				864EA0691C46D6C900E32F9B /* Debug */,
				864EA06A1C46D6C900E32F9B /* Release */,
			);
			defaultConfigurationIsVisible = 0;
			defaultConfigurationName = Release;
		};
/* End XCConfigurationList section */
	};
	rootObject = 864EA0481C46D6C900E32F9B /* Project object */;
}
