// !$*UTF8*$!
{
	archiveVersion = 1;
	classes = {
	};
	objectVersion = 46;
	objects = {

/* Begin PBXBuildFile section */
		865AF91C1C46ED6C00614B80 /* AppDelegate.swift in Sources */ = {isa = PBXBuildFile; fileRef = 865AF91B1C46ED6C00614B80 /* AppDelegate.swift */; };
		865AF91E1C46ED6C00614B80 /* ViewController.swift in Sources */ = {isa = PBXBuildFile; fileRef = 865AF91D1C46ED6C00614B80 /* ViewController.swift */; };
		865AF9211C46ED6C00614B80 /* Main.storyboard in Resources */ = {isa = PBXBuildFile; fileRef = 865AF91F1C46ED6C00614B80 /* Main.storyboard */; };
		865AF9231C46ED6C00614B80 /* Assets.xcassets in Resources */ = {isa = PBXBuildFile; fileRef = 865AF9221C46ED6C00614B80 /* Assets.xcassets */; };
		865AF9261C46ED6C00614B80 /* LaunchScreen.storyboard in Resources */ = {isa = PBXBuildFile; fileRef = 865AF9241C46ED6C00614B80 /* LaunchScreen.storyboard */; };
		865AF93D1C46F02D00614B80 /* NYTPhotoViewer.framework in Frameworks */ = {isa = PBXBuildFile; fileRef = 865AF93C1C46F02D00614B80 /* NYTPhotoViewer.framework */; };
/* End PBXBuildFile section */

/* Begin PBXFileReference section */
		865AF9181C46ED6C00614B80 /* Example-Swift.app */ = {isa = PBXFileReference; explicitFileType = wrapper.application; includeInIndex = 0; path = "Example-Swift.app"; sourceTree = BUILT_PRODUCTS_DIR; };
		865AF91B1C46ED6C00614B80 /* AppDelegate.swift */ = {isa = PBXFileReference; lastKnownFileType = sourcecode.swift; path = AppDelegate.swift; sourceTree = "<group>"; };
		865AF91D1C46ED6C00614B80 /* ViewController.swift */ = {isa = PBXFileReference; lastKnownFileType = sourcecode.swift; path = ViewController.swift; sourceTree = "<group>"; };
		865AF9201C46ED6C00614B80 /* Base */ = {isa = PBXFileReference; lastKnownFileType = file.storyboard; name = Base; path = Base.lproj/Main.storyboard; sourceTree = "<group>"; };
		865AF9221C46ED6C00614B80 /* Assets.xcassets */ = {isa = PBXFileReference; lastKnownFileType = folder.assetcatalog; path = Assets.xcassets; sourceTree = "<group>"; };
		865AF9251C46ED6C00614B80 /* Base */ = {isa = PBXFileReference; lastKnownFileType = file.storyboard; name = Base; path = Base.lproj/LaunchScreen.storyboard; sourceTree = "<group>"; };
		865AF9271C46ED6C00614B80 /* Info.plist */ = {isa = PBXFileReference; lastKnownFileType = text.plist.xml; path = Info.plist; sourceTree = "<group>"; };
		865AF93C1C46F02D00614B80 /* NYTPhotoViewer.framework */ = {isa = PBXFileReference; lastKnownFileType = wrapper.framework; name = NYTPhotoViewer.framework; path = "../build/Debug-iphoneos/NYTPhotoViewer.framework"; sourceTree = "<group>"; };
/* End PBXFileReference section */

/* Begin PBXFrameworksBuildPhase section */
		865AF9151C46ED6C00614B80 /* Frameworks */ = {
			isa = PBXFrameworksBuildPhase;
			buildActionMask = 2147483647;
			files = (
				865AF93D1C46F02D00614B80 /* NYTPhotoViewer.framework in Frameworks */,
			);
			runOnlyForDeploymentPostprocessing = 0;
		};
/* End PBXFrameworksBuildPhase section */

/* Begin PBXGroup section */
		865AF90F1C46ED6C00614B80 = {
			isa = PBXGroup;
			children = (
				865AF91A1C46ED6C00614B80 /* Example-Swift */,
				865AF93F1C46F05B00614B80 /* Frameworks */,
				865AF9191C46ED6C00614B80 /* Products */,
			);
			sourceTree = "<group>";
		};
		865AF9191C46ED6C00614B80 /* Products */ = {
			isa = PBXGroup;
			children = (
				865AF9181C46ED6C00614B80 /* Example-Swift.app */,
			);
			name = Products;
			sourceTree = "<group>";
		};
		865AF91A1C46ED6C00614B80 /* Example-Swift */ = {
			isa = PBXGroup;
			children = (
				865AF91B1C46ED6C00614B80 /* AppDelegate.swift */,
				865AF91D1C46ED6C00614B80 /* ViewController.swift */,
				865AF91F1C46ED6C00614B80 /* Main.storyboard */,
				865AF9221C46ED6C00614B80 /* Assets.xcassets */,
				865AF9241C46ED6C00614B80 /* LaunchScreen.storyboard */,
				865AF9271C46ED6C00614B80 /* Info.plist */,
			);
			path = "Example-Swift";
			sourceTree = "<group>";
		};
		865AF93F1C46F05B00614B80 /* Frameworks */ = {
			isa = PBXGroup;
			children = (
				865AF93C1C46F02D00614B80 /* NYTPhotoViewer.framework */,
			);
			name = Frameworks;
			sourceTree = "<group>";
		};
/* End PBXGroup section */

/* Begin PBXNativeTarget section */
		865AF9171C46ED6C00614B80 /* Example-Swift */ = {
			isa = PBXNativeTarget;
			buildConfigurationList = 865AF92A1C46ED6C00614B80 /* Build configuration list for PBXNativeTarget "Example-Swift" */;
			buildPhases = (
				865AF9141C46ED6C00614B80 /* Sources */,
				865AF9151C46ED6C00614B80 /* Frameworks */,
				865AF9161C46ED6C00614B80 /* Resources */,
			);
			buildRules = (
			);
			dependencies = (
			);
			name = "Example-Swift";
			productName = "Example-Swift";
			productReference = 865AF9181C46ED6C00614B80 /* Example-Swift.app */;
			productType = "com.apple.product-type.application";
		};
/* End PBXNativeTarget section */

/* Begin PBXProject section */
		865AF9101C46ED6C00614B80 /* Project object */ = {
			isa = PBXProject;
			attributes = {
				LastSwiftUpdateCheck = 0720;
				LastUpgradeCheck = 0720;
				ORGANIZATIONNAME = "The New York Times Company";
				TargetAttributes = {
					865AF9171C46ED6C00614B80 = {
						CreatedOnToolsVersion = 7.2;
					};
				};
			};
			buildConfigurationList = 865AF9131C46ED6C00614B80 /* Build configuration list for PBXProject "Example-Swift" */;
			compatibilityVersion = "Xcode 3.2";
			developmentRegion = English;
			hasScannedForEncodings = 0;
			knownRegions = (
				en,
				Base,
			);
			mainGroup = 865AF90F1C46ED6C00614B80;
			productRefGroup = 865AF9191C46ED6C00614B80 /* Products */;
			projectDirPath = "";
			projectRoot = "";
			targets = (
				865AF9171C46ED6C00614B80 /* Example-Swift */,
			);
		};
/* End PBXProject section */

/* Begin PBXResourcesBuildPhase section */
		865AF9161C46ED6C00614B80 /* Resources */ = {
			isa = PBXResourcesBuildPhase;
			buildActionMask = 2147483647;
			files = (
				865AF9261C46ED6C00614B80 /* LaunchScreen.storyboard in Resources */,
				865AF9231C46ED6C00614B80 /* Assets.xcassets in Resources */,
				865AF9211C46ED6C00614B80 /* Main.storyboard in Resources */,
			);
			runOnlyForDeploymentPostprocessing = 0;
		};
/* End PBXResourcesBuildPhase section */

/* Begin PBXSourcesBuildPhase section */
		865AF9141C46ED6C00614B80 /* Sources */ = {
			isa = PBXSourcesBuildPhase;
			buildActionMask = 2147483647;
			files = (
				865AF91E1C46ED6C00614B80 /* ViewController.swift in Sources */,
				865AF91C1C46ED6C00614B80 /* AppDelegate.swift in Sources */,
			);
			runOnlyForDeploymentPostprocessing = 0;
		};
/* End PBXSourcesBuildPhase section */

/* Begin PBXVariantGroup section */
		865AF91F1C46ED6C00614B80 /* Main.storyboard */ = {
			isa = PBXVariantGroup;
			children = (
				865AF9201C46ED6C00614B80 /* Base */,
			);
			name = Main.storyboard;
			sourceTree = "<group>";
		};
		865AF9241C46ED6C00614B80 /* LaunchScreen.storyboard */ = {
			isa = PBXVariantGroup;
			children = (
				865AF9251C46ED6C00614B80 /* Base */,
			);
			name = LaunchScreen.storyboard;
			sourceTree = "<group>";
		};
/* End PBXVariantGroup section */

/* Begin XCBuildConfiguration section */
		865AF9281C46ED6C00614B80 /* Debug */ = {
			isa = XCBuildConfiguration;
			buildSettings = {
				ALWAYS_SEARCH_USER_PATHS = NO;
				CLANG_CXX_LANGUAGE_STANDARD = "gnu++0x";
				CLANG_CXX_LIBRARY = "libc++";
				CLANG_ENABLE_MODULES = YES;
				CLANG_ENABLE_OBJC_ARC = YES;
				CLANG_WARN_BOOL_CONVERSION = YES;
				CLANG_WARN_CONSTANT_CONVERSION = YES;
				CLANG_WARN_DIRECT_OBJC_ISA_USAGE = YES_ERROR;
				CLANG_WARN_EMPTY_BODY = YES;
				CLANG_WARN_ENUM_CONVERSION = YES;
				CLANG_WARN_INT_CONVERSION = YES;
				CLANG_WARN_OBJC_ROOT_CLASS = YES_ERROR;
				CLANG_WARN_UNREACHABLE_CODE = YES;
				CLANG_WARN__DUPLICATE_METHOD_MATCH = YES;
				"CODE_SIGN_IDENTITY[sdk=iphoneos*]" = "iPhone Developer";
				COPY_PHASE_STRIP = NO;
				DEBUG_INFORMATION_FORMAT = dwarf;
				ENABLE_STRICT_OBJC_MSGSEND = YES;
				ENABLE_TESTABILITY = YES;
				GCC_C_LANGUAGE_STANDARD = gnu99;
				GCC_DYNAMIC_NO_PIC = NO;
				GCC_NO_COMMON_BLOCKS = YES;
				GCC_OPTIMIZATION_LEVEL = 0;
				GCC_PREPROCESSOR_DEFINITIONS = (
					"DEBUG=1",
					"$(inherited)",
				);
				GCC_WARN_64_TO_32_BIT_CONVERSION = YES;
				GCC_WARN_ABOUT_RETURN_TYPE = YES_ERROR;
				GCC_WARN_UNDECLARED_SELECTOR = YES;
				GCC_WARN_UNINITIALIZED_AUTOS = YES_AGGRESSIVE;
				GCC_WARN_UNUSED_FUNCTION = YES;
				GCC_WARN_UNUSED_VARIABLE = YES;
				IPHONEOS_DEPLOYMENT_TARGET = 9.2;
				MTL_ENABLE_DEBUG_INFO = YES;
				ONLY_ACTIVE_ARCH = YES;
				SDKROOT = iphoneos;
				SWIFT_OPTIMIZATION_LEVEL = "-Onone";
			};
			name = Debug;
		};
		865AF9291C46ED6C00614B80 /* Release */ = {
			isa = XCBuildConfiguration;
			buildSettings = {
				ALWAYS_SEARCH_USER_PATHS = NO;
				CLANG_CXX_LANGUAGE_STANDARD = "gnu++0x";
				CLANG_CXX_LIBRARY = "libc++";
				CLANG_ENABLE_MODULES = YES;
				CLANG_ENABLE_OBJC_ARC = YES;
				CLANG_WARN_BOOL_CONVERSION = YES;
				CLANG_WARN_CONSTANT_CONVERSION = YES;
				CLANG_WARN_DIRECT_OBJC_ISA_USAGE = YES_ERROR;
				CLANG_WARN_EMPTY_BODY = YES;
				CLANG_WARN_ENUM_CONVERSION = YES;
				CLANG_WARN_INT_CONVERSION = YES;
				CLANG_WARN_OBJC_ROOT_CLASS = YES_ERROR;
				CLANG_WARN_UNREACHABLE_CODE = YES;
				CLANG_WARN__DUPLICATE_METHOD_MATCH = YES;
				"CODE_SIGN_IDENTITY[sdk=iphoneos*]" = "iPhone Developer";
				COPY_PHASE_STRIP = NO;
				DEBUG_INFORMATION_FORMAT = "dwarf-with-dsym";
				ENABLE_NS_ASSERTIONS = NO;
				ENABLE_STRICT_OBJC_MSGSEND = YES;
				GCC_C_LANGUAGE_STANDARD = gnu99;
				GCC_NO_COMMON_BLOCKS = YES;
				GCC_WARN_64_TO_32_BIT_CONVERSION = YES;
				GCC_WARN_ABOUT_RETURN_TYPE = YES_ERROR;
				GCC_WARN_UNDECLARED_SELECTOR = YES;
				GCC_WARN_UNINITIALIZED_AUTOS = YES_AGGRESSIVE;
				GCC_WARN_UNUSED_FUNCTION = YES;
				GCC_WARN_UNUSED_VARIABLE = YES;
				IPHONEOS_DEPLOYMENT_TARGET = 9.2;
				MTL_ENABLE_DEBUG_INFO = NO;
				SDKROOT = iphoneos;
				VALIDATE_PRODUCT = YES;
			};
			name = Release;
		};
		865AF92B1C46ED6C00614B80 /* Debug */ = {
			isa = XCBuildConfiguration;
			buildSettings = {
				ASSETCATALOG_COMPILER_APPICON_NAME = AppIcon;
				INFOPLIST_FILE = "Example-Swift/Info.plist";
				LD_RUNPATH_SEARCH_PATHS = "$(inherited) @executable_path/Frameworks";
				PRODUCT_BUNDLE_IDENTIFIER = "com.nytimes.NYTPhotoViewer.Example-Swift";
				PRODUCT_NAME = "$(TARGET_NAME)";
			};
			name = Debug;
		};
		865AF92C1C46ED6C00614B80 /* Release */ = {
			isa = XCBuildConfiguration;
			buildSettings = {
				ASSETCATALOG_COMPILER_APPICON_NAME = AppIcon;
				INFOPLIST_FILE = "Example-Swift/Info.plist";
				LD_RUNPATH_SEARCH_PATHS = "$(inherited) @executable_path/Frameworks";
				PRODUCT_BUNDLE_IDENTIFIER = "com.nytimes.NYTPhotoViewer.Example-Swift";
				PRODUCT_NAME = "$(TARGET_NAME)";
			};
			name = Release;
		};
/* End XCBuildConfiguration section */

/* Begin XCConfigurationList section */
		865AF9131C46ED6C00614B80 /* Build configuration list for PBXProject "Example-Swift" */ = {
			isa = XCConfigurationList;
			buildConfigurations = (
				865AF9281C46ED6C00614B80 /* Debug */,
				865AF9291C46ED6C00614B80 /* Release */,
			);
			defaultConfigurationIsVisible = 0;
			defaultConfigurationName = Release;
		};
		865AF92A1C46ED6C00614B80 /* Build configuration list for PBXNativeTarget "Example-Swift" */ = {
			isa = XCConfigurationList;
			buildConfigurations = (
				865AF92B1C46ED6C00614B80 /* Debug */,
				865AF92C1C46ED6C00614B80 /* Release */,
			);
			defaultConfigurationIsVisible = 0;
		};
/* End XCConfigurationList section */
	};
	rootObject = 865AF9101C46ED6C00614B80 /* Project object */;
}
